
Microsoft Visual Studio Solution File, Format Version 12.00
# Visual Studio 15
VisualStudioVersion = 15.0.27924.0
MinimumVisualStudioVersion = 10.0.40219.1
Project("{FAE04EC0-301F-11D3-BF4B-00C04F79EFBC}") = "School.Android", "School\School.Android\School.Android.csproj", "{DD08BEC4-50FB-444E-98EC-C7A9288051C6}"
EndProject
Project("{FAE04EC0-301F-11D3-BF4B-00C04F79EFBC}") = "School.iOS", "School\School.iOS\School.iOS.csproj", "{22060310-B888-49DA-BE23-604A53527C45}"
EndProject
Project("{FAE04EC0-301F-11D3-BF4B-00C04F79EFBC}") = "School", "School\School\School.csproj", "{A7F24201-ACA4-4893-853C-ED6FA83EDD46}"
EndProject
Project("{FAE04EC0-301F-11D3-BF4B-00C04F79EFBC}") = "School.Backend", "School.Backend\School.Backend.csproj", "{F4512BA7-8DFC-4CDA-9E90-285BF7BC543E}"
EndProject
Project("{FAE04EC0-301F-11D3-BF4B-00C04F79EFBC}") = "School.API", "School.API\School.API.csproj", "{A4654AA0-F86E-49C0-A1B0-8D64B42B7153}"
EndProject
Project("{FAE04EC0-301F-11D3-BF4B-00C04F79EFBC}") = "School.Domain", "School.Domain\School.Domain.csproj", "{68763BA6-65A1-4231-9631-26F7C101F152}"
EndProject
Project("{FAE04EC0-301F-11D3-BF4B-00C04F79EFBC}") = "School.Common", "School.Common\School.Common.csproj", "{0290046D-E4CF-46A7-8C9B-A94613776B74}"
EndProject
Global
	GlobalSection(SolutionConfigurationPlatforms) = preSolution
		Ad-Hoc|Any CPU = Ad-Hoc|Any CPU
		Ad-Hoc|iPhone = Ad-Hoc|iPhone
		Ad-Hoc|iPhoneSimulator = Ad-Hoc|iPhoneSimulator
		AppStore|Any CPU = AppStore|Any CPU
		AppStore|iPhone = AppStore|iPhone
		AppStore|iPhoneSimulator = AppStore|iPhoneSimulator
		Debug|Any CPU = Debug|Any CPU
		Debug|iPhone = Debug|iPhone
		Debug|iPhoneSimulator = Debug|iPhoneSimulator
		Release|Any CPU = Release|Any CPU
		Release|iPhone = Release|iPhone
		Release|iPhoneSimulator = Release|iPhoneSimulator
	EndGlobalSection
	GlobalSection(ProjectConfigurationPlatforms) = postSolution
		{DD08BEC4-50FB-444E-98EC-C7A9288051C6}.Ad-Hoc|Any CPU.ActiveCfg = Release|Any CPU
		{DD08BEC4-50FB-444E-98EC-C7A9288051C6}.Ad-Hoc|Any CPU.Build.0 = Release|Any CPU
		{DD08BEC4-50FB-444E-98EC-C7A9288051C6}.Ad-Hoc|Any CPU.Deploy.0 = Release|Any CPU
		{DD08BEC4-50FB-444E-98EC-C7A9288051C6}.Ad-Hoc|iPhone.ActiveCfg = Release|Any CPU
		{DD08BEC4-50FB-444E-98EC-C7A9288051C6}.Ad-Hoc|iPhone.Build.0 = Release|Any CPU
		{DD08BEC4-50FB-444E-98EC-C7A9288051C6}.Ad-Hoc|iPhone.Deploy.0 = Release|Any CPU
		{DD08BEC4-50FB-444E-98EC-C7A9288051C6}.Ad-Hoc|iPhoneSimulator.ActiveCfg = Release|Any CPU
		{DD08BEC4-50FB-444E-98EC-C7A9288051C6}.Ad-Hoc|iPhoneSimulator.Build.0 = Release|Any CPU
		{DD08BEC4-50FB-444E-98EC-C7A9288051C6}.Ad-Hoc|iPhoneSimulator.Deploy.0 = Release|Any CPU
		{DD08BEC4-50FB-444E-98EC-C7A9288051C6}.AppStore|Any CPU.ActiveCfg = Release|Any CPU
		{DD08BEC4-50FB-444E-98EC-C7A9288051C6}.AppStore|Any CPU.Build.0 = Release|Any CPU
		{DD08BEC4-50FB-444E-98EC-C7A9288051C6}.AppStore|Any CPU.Deploy.0 = Release|Any CPU
		{DD08BEC4-50FB-444E-98EC-C7A9288051C6}.AppStore|iPhone.ActiveCfg = Release|Any CPU
		{DD08BEC4-50FB-444E-98EC-C7A9288051C6}.AppStore|iPhone.Build.0 = Release|Any CPU
		{DD08BEC4-50FB-444E-98EC-C7A9288051C6}.AppStore|iPhone.Deploy.0 = Release|Any CPU
		{DD08BEC4-50FB-444E-98EC-C7A9288051C6}.AppStore|iPhoneSimulator.ActiveCfg = Release|Any CPU
		{DD08BEC4-50FB-444E-98EC-C7A9288051C6}.AppStore|iPhoneSimulator.Build.0 = Release|Any CPU
		{DD08BEC4-50FB-444E-98EC-C7A9288051C6}.AppStore|iPhoneSimulator.Deploy.0 = Release|Any CPU
		{DD08BEC4-50FB-444E-98EC-C7A9288051C6}.Debug|Any CPU.ActiveCfg = Debug|Any CPU
		{DD08BEC4-50FB-444E-98EC-C7A9288051C6}.Debug|Any CPU.Build.0 = Debug|Any CPU
		{DD08BEC4-50FB-444E-98EC-C7A9288051C6}.Debug|Any CPU.Deploy.0 = Debug|Any CPU
		{DD08BEC4-50FB-444E-98EC-C7A9288051C6}.Debug|iPhone.ActiveCfg = Debug|Any CPU
		{DD08BEC4-50FB-444E-98EC-C7A9288051C6}.Debug|iPhone.Build.0 = Debug|Any CPU
		{DD08BEC4-50FB-444E-98EC-C7A9288051C6}.Debug|iPhone.Deploy.0 = Debug|Any CPU
		{DD08BEC4-50FB-444E-98EC-C7A9288051C6}.Debug|iPhoneSimulator.ActiveCfg = Debug|Any CPU
		{DD08BEC4-50FB-444E-98EC-C7A9288051C6}.Debug|iPhoneSimulator.Build.0 = Debug|Any CPU
		{DD08BEC4-50FB-444E-98EC-C7A9288051C6}.Debug|iPhoneSimulator.Deploy.0 = Debug|Any CPU
		{DD08BEC4-50FB-444E-98EC-C7A9288051C6}.Release|Any CPU.ActiveCfg = Release|Any CPU
		{DD08BEC4-50FB-444E-98EC-C7A9288051C6}.Release|Any CPU.Build.0 = Release|Any CPU
		{DD08BEC4-50FB-444E-98EC-C7A9288051C6}.Release|Any CPU.Deploy.0 = Release|Any CPU
		{DD08BEC4-50FB-444E-98EC-C7A9288051C6}.Release|iPhone.ActiveCfg = Release|Any CPU
		{DD08BEC4-50FB-444E-98EC-C7A9288051C6}.Release|iPhone.Build.0 = Release|Any CPU
		{DD08BEC4-50FB-444E-98EC-C7A9288051C6}.Release|iPhone.Deploy.0 = Release|Any CPU
		{DD08BEC4-50FB-444E-98EC-C7A9288051C6}.Release|iPhoneSimulator.ActiveCfg = Release|Any CPU
		{DD08BEC4-50FB-444E-98EC-C7A9288051C6}.Release|iPhoneSimulator.Build.0 = Release|Any CPU
		{DD08BEC4-50FB-444E-98EC-C7A9288051C6}.Release|iPhoneSimulator.Deploy.0 = Release|Any CPU
		{22060310-B888-49DA-BE23-604A53527C45}.Ad-Hoc|Any CPU.ActiveCfg = Ad-Hoc|iPhone
		{22060310-B888-49DA-BE23-604A53527C45}.Ad-Hoc|Any CPU.Build.0 = Ad-Hoc|iPhone
		{22060310-B888-49DA-BE23-604A53527C45}.Ad-Hoc|Any CPU.Deploy.0 = Ad-Hoc|iPhone
		{22060310-B888-49DA-BE23-604A53527C45}.Ad-Hoc|iPhone.ActiveCfg = Ad-Hoc|iPhone
		{22060310-B888-49DA-BE23-604A53527C45}.Ad-Hoc|iPhone.Build.0 = Ad-Hoc|iPhone
		{22060310-B888-49DA-BE23-604A53527C45}.Ad-Hoc|iPhone.Deploy.0 = Ad-Hoc|iPhone
		{22060310-B888-49DA-BE23-604A53527C45}.Ad-Hoc|iPhoneSimulator.ActiveCfg = Ad-Hoc|iPhoneSimulator
		{22060310-B888-49DA-BE23-604A53527C45}.Ad-Hoc|iPhoneSimulator.Build.0 = Ad-Hoc|iPhoneSimulator
		{22060310-B888-49DA-BE23-604A53527C45}.Ad-Hoc|iPhoneSimulator.Deploy.0 = Ad-Hoc|iPhoneSimulator
		{22060310-B888-49DA-BE23-604A53527C45}.AppStore|Any CPU.ActiveCfg = AppStore|iPhone
		{22060310-B888-49DA-BE23-604A53527C45}.AppStore|Any CPU.Build.0 = AppStore|iPhone
		{22060310-B888-49DA-BE23-604A53527C45}.AppStore|Any CPU.Deploy.0 = AppStore|iPhone
		{22060310-B888-49DA-BE23-604A53527C45}.AppStore|iPhone.ActiveCfg = AppStore|iPhone
		{22060310-B888-49DA-BE23-604A53527C45}.AppStore|iPhone.Build.0 = AppStore|iPhone
		{22060310-B888-49DA-BE23-604A53527C45}.AppStore|iPhone.Deploy.0 = AppStore|iPhone
		{22060310-B888-49DA-BE23-604A53527C45}.AppStore|iPhoneSimulator.ActiveCfg = AppStore|iPhoneSimulator
		{22060310-B888-49DA-BE23-604A53527C45}.AppStore|iPhoneSimulator.Build.0 = AppStore|iPhoneSimulator
		{22060310-B888-49DA-BE23-604A53527C45}.AppStore|iPhoneSimulator.Deploy.0 = AppStore|iPhoneSimulator
		{22060310-B888-49DA-BE23-604A53527C45}.Debug|Any CPU.ActiveCfg = Debug|iPhoneSimulator
		{22060310-B888-49DA-BE23-604A53527C45}.Debug|Any CPU.Build.0 = Debug|iPhoneSimulator
		{22060310-B888-49DA-BE23-604A53527C45}.Debug|Any CPU.Deploy.0 = Debug|iPhoneSimulator
		{22060310-B888-49DA-BE23-604A53527C45}.Debug|iPhone.ActiveCfg = Debug|iPhone
		{22060310-B888-49DA-BE23-604A53527C45}.Debug|iPhone.Build.0 = Debug|iPhone
		{22060310-B888-49DA-BE23-604A53527C45}.Debug|iPhone.Deploy.0 = Debug|iPhone
		{22060310-B888-49DA-BE23-604A53527C45}.Debug|iPhoneSimulator.ActiveCfg = Debug|iPhoneSimulator
		{22060310-B888-49DA-BE23-604A53527C45}.Debug|iPhoneSimulator.Build.0 = Debug|iPhoneSimulator
		{22060310-B888-49DA-BE23-604A53527C45}.Debug|iPhoneSimulator.Deploy.0 = Debug|iPhoneSimulator
		{22060310-B888-49DA-BE23-604A53527C45}.Release|Any CPU.ActiveCfg = Release|iPhone
		{22060310-B888-49DA-BE23-604A53527C45}.Release|Any CPU.Build.0 = Release|iPhone
		{22060310-B888-49DA-BE23-604A53527C45}.Release|Any CPU.Deploy.0 = Release|iPhone
		{22060310-B888-49DA-BE23-604A53527C45}.Release|iPhone.ActiveCfg = Release|iPhone
		{22060310-B888-49DA-BE23-604A53527C45}.Release|iPhone.Build.0 = Release|iPhone
		{22060310-B888-49DA-BE23-604A53527C45}.Release|iPhone.Deploy.0 = Release|iPhone
		{22060310-B888-49DA-BE23-604A53527C45}.Release|iPhoneSimulator.ActiveCfg = Release|iPhoneSimulator
		{22060310-B888-49DA-BE23-604A53527C45}.Release|iPhoneSimulator.Build.0 = Release|iPhoneSimulator
		{22060310-B888-49DA-BE23-604A53527C45}.Release|iPhoneSimulator.Deploy.0 = Release|iPhoneSimulator
		{A7F24201-ACA4-4893-853C-ED6FA83EDD46}.Ad-Hoc|Any CPU.ActiveCfg = Debug|Any CPU
		{A7F24201-ACA4-4893-853C-ED6FA83EDD46}.Ad-Hoc|Any CPU.Build.0 = Debug|Any CPU
		{A7F24201-ACA4-4893-853C-ED6FA83EDD46}.Ad-Hoc|Any CPU.Deploy.0 = Debug|Any CPU
		{A7F24201-ACA4-4893-853C-ED6FA83EDD46}.Ad-Hoc|iPhone.ActiveCfg = Debug|Any CPU
		{A7F24201-ACA4-4893-853C-ED6FA83EDD46}.Ad-Hoc|iPhone.Build.0 = Debug|Any CPU
		{A7F24201-ACA4-4893-853C-ED6FA83EDD46}.Ad-Hoc|iPhone.Deploy.0 = Debug|Any CPU
		{A7F24201-ACA4-4893-853C-ED6FA83EDD46}.Ad-Hoc|iPhoneSimulator.ActiveCfg = Debug|Any CPU
		{A7F24201-ACA4-4893-853C-ED6FA83EDD46}.Ad-Hoc|iPhoneSimulator.Build.0 = Debug|Any CPU
		{A7F24201-ACA4-4893-853C-ED6FA83EDD46}.Ad-Hoc|iPhoneSimulator.Deploy.0 = Debug|Any CPU
		{A7F24201-ACA4-4893-853C-ED6FA83EDD46}.AppStore|Any CPU.ActiveCfg = Debug|Any CPU
		{A7F24201-ACA4-4893-853C-ED6FA83EDD46}.AppStore|Any CPU.Build.0 = Debug|Any CPU
		{A7F24201-ACA4-4893-853C-ED6FA83EDD46}.AppStore|Any CPU.Deploy.0 = Debug|Any CPU
		{A7F24201-ACA4-4893-853C-ED6FA83EDD46}.AppStore|iPhone.ActiveCfg = Debug|Any CPU
		{A7F24201-ACA4-4893-853C-ED6FA83EDD46}.AppStore|iPhone.Build.0 = Debug|Any CPU
		{A7F24201-ACA4-4893-853C-ED6FA83EDD46}.AppStore|iPhone.Deploy.0 = Debug|Any CPU
		{A7F24201-ACA4-4893-853C-ED6FA83EDD46}.AppStore|iPhoneSimulator.ActiveCfg = Debug|Any CPU
		{A7F24201-ACA4-4893-853C-ED6FA83EDD46}.AppStore|iPhoneSimulator.Build.0 = Debug|Any CPU
		{A7F24201-ACA4-4893-853C-ED6FA83EDD46}.AppStore|iPhoneSimulator.Deploy.0 = Debug|Any CPU
		{A7F24201-ACA4-4893-853C-ED6FA83EDD46}.Debug|Any CPU.ActiveCfg = Debug|Any CPU
		{A7F24201-ACA4-4893-853C-ED6FA83EDD46}.Debug|Any CPU.Build.0 = Debug|Any CPU
		{A7F24201-ACA4-4893-853C-ED6FA83EDD46}.Debug|Any CPU.Deploy.0 = Debug|Any CPU
		{A7F24201-ACA4-4893-853C-ED6FA83EDD46}.Debug|iPhone.ActiveCfg = Debug|Any CPU
		{A7F24201-ACA4-4893-853C-ED6FA83EDD46}.Debug|iPhone.Build.0 = Debug|Any CPU
		{A7F24201-ACA4-4893-853C-ED6FA83EDD46}.Debug|iPhone.Deploy.0 = Debug|Any CPU
		{A7F24201-ACA4-4893-853C-ED6FA83EDD46}.Debug|iPhoneSimulator.ActiveCfg = Debug|Any CPU
		{A7F24201-ACA4-4893-853C-ED6FA83EDD46}.Debug|iPhoneSimulator.Build.0 = Debug|Any CPU
		{A7F24201-ACA4-4893-853C-ED6FA83EDD46}.Debug|iPhoneSimulator.Deploy.0 = Debug|Any CPU
		{A7F24201-ACA4-4893-853C-ED6FA83EDD46}.Release|Any CPU.ActiveCfg = Release|Any CPU
		{A7F24201-ACA4-4893-853C-ED6FA83EDD46}.Release|Any CPU.Build.0 = Release|Any CPU
		{A7F24201-ACA4-4893-853C-ED6FA83EDD46}.Release|Any CPU.Deploy.0 = Release|Any CPU
		{A7F24201-ACA4-4893-853C-ED6FA83EDD46}.Release|iPhone.ActiveCfg = Release|Any CPU
		{A7F24201-ACA4-4893-853C-ED6FA83EDD46}.Release|iPhone.Build.0 = Release|Any CPU
		{A7F24201-ACA4-4893-853C-ED6FA83EDD46}.Release|iPhone.Deploy.0 = Release|Any CPU
		{A7F24201-ACA4-4893-853C-ED6FA83EDD46}.Release|iPhoneSimulator.ActiveCfg = Release|Any CPU
		{A7F24201-ACA4-4893-853C-ED6FA83EDD46}.Release|iPhoneSimulator.Build.0 = Release|Any CPU
		{A7F24201-ACA4-4893-853C-ED6FA83EDD46}.Release|iPhoneSimulator.Deploy.0 = Release|Any CPU
		{F4512BA7-8DFC-4CDA-9E90-285BF7BC543E}.Ad-Hoc|Any CPU.ActiveCfg = Release|Any CPU
		{F4512BA7-8DFC-4CDA-9E90-285BF7BC543E}.Ad-Hoc|Any CPU.Build.0 = Release|Any CPU
		{F4512BA7-8DFC-4CDA-9E90-285BF7BC543E}.Ad-Hoc|iPhone.ActiveCfg = Release|Any CPU
		{F4512BA7-8DFC-4CDA-9E90-285BF7BC543E}.Ad-Hoc|iPhone.Build.0 = Release|Any CPU
		{F4512BA7-8DFC-4CDA-9E90-285BF7BC543E}.Ad-Hoc|iPhoneSimulator.ActiveCfg = Release|Any CPU
		{F4512BA7-8DFC-4CDA-9E90-285BF7BC543E}.Ad-Hoc|iPhoneSimulator.Build.0 = Release|Any CPU
		{F4512BA7-8DFC-4CDA-9E90-285BF7BC543E}.AppStore|Any CPU.ActiveCfg = Release|Any CPU
		{F4512BA7-8DFC-4CDA-9E90-285BF7BC543E}.AppStore|Any CPU.Build.0 = Release|Any CPU
		{F4512BA7-8DFC-4CDA-9E90-285BF7BC543E}.AppStore|iPhone.ActiveCfg = Release|Any CPU
		{F4512BA7-8DFC-4CDA-9E90-285BF7BC543E}.AppStore|iPhone.Build.0 = Release|Any CPU
		{F4512BA7-8DFC-4CDA-9E90-285BF7BC543E}.AppStore|iPhoneSimulator.ActiveCfg = Release|Any CPU
		{F4512BA7-8DFC-4CDA-9E90-285BF7BC543E}.AppStore|iPhoneSimulator.Build.0 = Release|Any CPU
		{F4512BA7-8DFC-4CDA-9E90-285BF7BC543E}.Debug|Any CPU.ActiveCfg = Debug|Any CPU
		{F4512BA7-8DFC-4CDA-9E90-285BF7BC543E}.Debug|Any CPU.Build.0 = Debug|Any CPU
		{F4512BA7-8DFC-4CDA-9E90-285BF7BC543E}.Debug|iPhone.ActiveCfg = Debug|Any CPU
		{F4512BA7-8DFC-4CDA-9E90-285BF7BC543E}.Debug|iPhone.Build.0 = Debug|Any CPU
		{F4512BA7-8DFC-4CDA-9E90-285BF7BC543E}.Debug|iPhoneSimulator.ActiveCfg = Debug|Any CPU
		{F4512BA7-8DFC-4CDA-9E90-285BF7BC543E}.Debug|iPhoneSimulator.Build.0 = Debug|Any CPU
		{F4512BA7-8DFC-4CDA-9E90-285BF7BC543E}.Release|Any CPU.ActiveCfg = Release|Any CPU
		{F4512BA7-8DFC-4CDA-9E90-285BF7BC543E}.Release|Any CPU.Build.0 = Release|Any CPU
		{F4512BA7-8DFC-4CDA-9E90-285BF7BC543E}.Release|iPhone.ActiveCfg = Release|Any CPU
		{F4512BA7-8DFC-4CDA-9E90-285BF7BC543E}.Release|iPhone.Build.0 = Release|Any CPU
		{F4512BA7-8DFC-4CDA-9E90-285BF7BC543E}.Release|iPhoneSimulator.ActiveCfg = Release|Any CPU
		{F4512BA7-8DFC-4CDA-9E90-285BF7BC543E}.Release|iPhoneSimulator.Build.0 = Release|Any CPU
		{A4654AA0-F86E-49C0-A1B0-8D64B42B7153}.Ad-Hoc|Any CPU.ActiveCfg = Release|Any CPU
		{A4654AA0-F86E-49C0-A1B0-8D64B42B7153}.Ad-Hoc|Any CPU.Build.0 = Release|Any CPU
		{A4654AA0-F86E-49C0-A1B0-8D64B42B7153}.Ad-Hoc|iPhone.ActiveCfg = Release|Any CPU
		{A4654AA0-F86E-49C0-A1B0-8D64B42B7153}.Ad-Hoc|iPhone.Build.0 = Release|Any CPU
		{A4654AA0-F86E-49C0-A1B0-8D64B42B7153}.Ad-Hoc|iPhoneSimulator.ActiveCfg = Release|Any CPU
		{A4654AA0-F86E-49C0-A1B0-8D64B42B7153}.Ad-Hoc|iPhoneSimulator.Build.0 = Release|Any CPU
		{A4654AA0-F86E-49C0-A1B0-8D64B42B7153}.AppStore|Any CPU.ActiveCfg = Release|Any CPU
		{A4654AA0-F86E-49C0-A1B0-8D64B42B7153}.AppStore|Any CPU.Build.0 = Release|Any CPU
		{A4654AA0-F86E-49C0-A1B0-8D64B42B7153}.AppStore|iPhone.ActiveCfg = Release|Any CPU
		{A4654AA0-F86E-49C0-A1B0-8D64B42B7153}.AppStore|iPhone.Build.0 = Release|Any CPU
		{A4654AA0-F86E-49C0-A1B0-8D64B42B7153}.AppStore|iPhoneSimulator.ActiveCfg = Release|Any CPU
		{A4654AA0-F86E-49C0-A1B0-8D64B42B7153}.AppStore|iPhoneSimulator.Build.0 = Release|Any CPU
		{A4654AA0-F86E-49C0-A1B0-8D64B42B7153}.Debug|Any CPU.ActiveCfg = Debug|Any CPU
		{A4654AA0-F86E-49C0-A1B0-8D64B42B7153}.Debug|Any CPU.Build.0 = Debug|Any CPU
		{A4654AA0-F86E-49C0-A1B0-8D64B42B7153}.Debug|iPhone.ActiveCfg = Debug|Any CPU
		{A4654AA0-F86E-49C0-A1B0-8D64B42B7153}.Debug|iPhone.Build.0 = Debug|Any CPU
		{A4654AA0-F86E-49C0-A1B0-8D64B42B7153}.Debug|iPhoneSimulator.ActiveCfg = Debug|Any CPU
		{A4654AA0-F86E-49C0-A1B0-8D64B42B7153}.Debug|iPhoneSimulator.Build.0 = Debug|Any CPU
		{A4654AA0-F86E-49C0-A1B0-8D64B42B7153}.Release|Any CPU.ActiveCfg = Release|Any CPU
		{A4654AA0-F86E-49C0-A1B0-8D64B42B7153}.Release|Any CPU.Build.0 = Release|Any CPU
		{A4654AA0-F86E-49C0-A1B0-8D64B42B7153}.Release|iPhone.ActiveCfg = Release|Any CPU
		{A4654AA0-F86E-49C0-A1B0-8D64B42B7153}.Release|iPhone.Build.0 = Release|Any CPU
		{A4654AA0-F86E-49C0-A1B0-8D64B42B7153}.Release|iPhoneSimulator.ActiveCfg = Release|Any CPU
		{A4654AA0-F86E-49C0-A1B0-8D64B42B7153}.Release|iPhoneSimulator.Build.0 = Release|Any CPU
		{68763BA6-65A1-4231-9631-26F7C101F152}.Ad-Hoc|Any CPU.ActiveCfg = Release|Any CPU
		{68763BA6-65A1-4231-9631-26F7C101F152}.Ad-Hoc|Any CPU.Build.0 = Release|Any CPU
		{68763BA6-65A1-4231-9631-26F7C101F152}.Ad-Hoc|iPhone.ActiveCfg = Release|Any CPU
		{68763BA6-65A1-4231-9631-26F7C101F152}.Ad-Hoc|iPhone.Build.0 = Release|Any CPU
		{68763BA6-65A1-4231-9631-26F7C101F152}.Ad-Hoc|iPhoneSimulator.ActiveCfg = Release|Any CPU
		{68763BA6-65A1-4231-9631-26F7C101F152}.Ad-Hoc|iPhoneSimulator.Build.0 = Release|Any CPU
		{68763BA6-65A1-4231-9631-26F7C101F152}.AppStore|Any CPU.ActiveCfg = Release|Any CPU
		{68763BA6-65A1-4231-9631-26F7C101F152}.AppStore|Any CPU.Build.0 = Release|Any CPU
		{68763BA6-65A1-4231-9631-26F7C101F152}.AppStore|iPhone.ActiveCfg = Release|Any CPU
		{68763BA6-65A1-4231-9631-26F7C101F152}.AppStore|iPhone.Build.0 = Release|Any CPU
		{68763BA6-65A1-4231-9631-26F7C101F152}.AppStore|iPhoneSimulator.ActiveCfg = Release|Any CPU
		{68763BA6-65A1-4231-9631-26F7C101F152}.AppStore|iPhoneSimulator.Build.0 = Release|Any CPU
		{68763BA6-65A1-4231-9631-26F7C101F152}.Debug|Any CPU.ActiveCfg = Debug|Any CPU
		{68763BA6-65A1-4231-9631-26F7C101F152}.Debug|Any CPU.Build.0 = Debug|Any CPU
		{68763BA6-65A1-4231-9631-26F7C101F152}.Debug|iPhone.ActiveCfg = Debug|Any CPU
		{68763BA6-65A1-4231-9631-26F7C101F152}.Debug|iPhone.Build.0 = Debug|Any CPU
		{68763BA6-65A1-4231-9631-26F7C101F152}.Debug|iPhoneSimulator.ActiveCfg = Debug|Any CPU
		{68763BA6-65A1-4231-9631-26F7C101F152}.Debug|iPhoneSimulator.Build.0 = Debug|Any CPU
		{68763BA6-65A1-4231-9631-26F7C101F152}.Release|Any CPU.ActiveCfg = Release|Any CPU
		{68763BA6-65A1-4231-9631-26F7C101F152}.Release|Any CPU.Build.0 = Release|Any CPU
		{68763BA6-65A1-4231-9631-26F7C101F152}.Release|iPhone.ActiveCfg = Release|Any CPU
		{68763BA6-65A1-4231-9631-26F7C101F152}.Release|iPhone.Build.0 = Release|Any CPU
		{68763BA6-65A1-4231-9631-26F7C101F152}.Release|iPhoneSimulator.ActiveCfg = Release|Any CPU
		{68763BA6-65A1-4231-9631-26F7C101F152}.Release|iPhoneSimulator.Build.0 = Release|Any CPU
		{0290046D-E4CF-46A7-8C9B-A94613776B74}.Ad-Hoc|Any CPU.ActiveCfg = Release|Any CPU
		{0290046D-E4CF-46A7-8C9B-A94613776B74}.Ad-Hoc|Any CPU.Build.0 = Release|Any CPU
		{0290046D-E4CF-46A7-8C9B-A94613776B74}.Ad-Hoc|iPhone.ActiveCfg = Release|Any CPU
		{0290046D-E4CF-46A7-8C9B-A94613776B74}.Ad-Hoc|iPhone.Build.0 = Release|Any CPU
		{0290046D-E4CF-46A7-8C9B-A94613776B74}.Ad-Hoc|iPhoneSimulator.ActiveCfg = Release|Any CPU
		{0290046D-E4CF-46A7-8C9B-A94613776B74}.Ad-Hoc|iPhoneSimulator.Build.0 = Release|Any CPU
		{0290046D-E4CF-46A7-8C9B-A94613776B74}.AppStore|Any CPU.ActiveCfg = Release|Any CPU
		{0290046D-E4CF-46A7-8C9B-A94613776B74}.AppStore|Any CPU.Build.0 = Release|Any CPU
		{0290046D-E4CF-46A7-8C9B-A94613776B74}.AppStore|iPhone.ActiveCfg = Release|Any CPU
		{0290046D-E4CF-46A7-8C9B-A94613776B74}.AppStore|iPhone.Build.0 = Release|Any CPU
		{0290046D-E4CF-46A7-8C9B-A94613776B74}.AppStore|iPhoneSimulator.ActiveCfg = Release|Any CPU
		{0290046D-E4CF-46A7-8C9B-A94613776B74}.AppStore|iPhoneSimulator.Build.0 = Release|Any CPU
		{0290046D-E4CF-46A7-8C9B-A94613776B74}.Debug|Any CPU.ActiveCfg = Debug|Any CPU
		{0290046D-E4CF-46A7-8C9B-A94613776B74}.Debug|Any CPU.Build.0 = Debug|Any CPU
		{0290046D-E4CF-46A7-8C9B-A94613776B74}.Debug|iPhone.ActiveCfg = Debug|Any CPU
		{0290046D-E4CF-46A7-8C9B-A94613776B74}.Debug|iPhone.Build.0 = Debug|Any CPU
		{0290046D-E4CF-46A7-8C9B-A94613776B74}.Debug|iPhoneSimulator.ActiveCfg = Debug|Any CPU
		{0290046D-E4CF-46A7-8C9B-A94613776B74}.Debug|iPhoneSimulator.Build.0 = Debug|Any CPU
		{0290046D-E4CF-46A7-8C9B-A94613776B74}.Release|Any CPU.ActiveCfg = Release|Any CPU
		{0290046D-E4CF-46A7-8C9B-A94613776B74}.Release|Any CPU.Build.0 = Release|Any CPU
		{0290046D-E4CF-46A7-8C9B-A94613776B74}.Release|iPhone.ActiveCfg = Release|Any CPU
		{0290046D-E4CF-46A7-8C9B-A94613776B74}.Release|iPhone.Build.0 = Release|Any CPU
		{0290046D-E4CF-46A7-8C9B-A94613776B74}.Release|iPhoneSimulator.ActiveCfg = Release|Any CPU
		{0290046D-E4CF-46A7-8C9B-A94613776B74}.Release|iPhoneSimulator.Build.0 = Release|Any CPU
	EndGlobalSection
	GlobalSection(SolutionProperties) = preSolution
		HideSolutionNode = FALSE
	EndGlobalSection
	GlobalSection(ExtensibilityGlobals) = postSolution
		SolutionGuid = {C66EA87F-7392-4901-ADB9-40CCF3045DDE}
	EndGlobalSection
EndGlobal
